
Microsoft Visual Studio Solution File, Format Version 12.00
# Visual Studio Version 16
VisualStudioVersion = 16.0.31702.278
MinimumVisualStudioVersion = 10.0.40219.1
Project("{FAE04EC0-301F-11D3-BF4B-00C04F79EFBC}") = "FibTest", "FibTest.csproj", "{192C85B8-45B3-4F36-81AC-940417247914}"
EndProject
Global
	GlobalSection(SolutionConfigurationPlatforms) = preSolution
		Debug|Any CPU = Debug|Any CPU
		Release|Any CPU = Release|Any CPU
	EndGlobalSection
	GlobalSection(ProjectConfigurationPlatforms) = postSolution
		{192C85B8-45B3-4F36-81AC-940417247914}.Debug|Any CPU.ActiveCfg = Debug|Any CPU
		{192C85B8-45B3-4F36-81AC-940417247914}.Debug|Any CPU.Build.0 = Debug|Any CPU
		{192C85B8-45B3-4F36-81AC-940417247914}.Release|Any CPU.ActiveCfg = Release|Any CPU
		{192C85B8-45B3-4F36-81AC-940417247914}.Release|Any CPU.Build.0 = Release|Any CPU
	EndGlobalSection
	GlobalSection(SolutionProperties) = preSolution
		HideSolutionNode = FALSE
	EndGlobalSection
	GlobalSection(ExtensibilityGlobals) = postSolution
		SolutionGuid = {3D837CAA-498E-447F-BB83-4375D11FB89F}
	EndGlobalSection
EndGlobal
